
Microsoft Visual Studio Solution File, Format Version 12.00
# Visual Studio Version 17
VisualStudioVersion = 17.8.34004.107
MinimumVisualStudioVersion = 10.0.40219.1
Project("{9A19103F-16F7-4668-BE54-9A1E7A4F7556}") = "E-Commerce-App", "E-Commerce-App\E-Commerce-App.csproj", "{7A7A2F6B-79BE-4639-81C0-8468207C5E53}"
EndProject
Project("{9A19103F-16F7-4668-BE54-9A1E7A4F7556}") = "TestProject1", "TestProject1\TestProject1.csproj", "{7F0477AB-F07C-47AD-9215-C97C1A446B7A}"
EndProject
Global
	GlobalSection(SolutionConfigurationPlatforms) = preSolution
		Debug|Any CPU = Debug|Any CPU
		Release|Any CPU = Release|Any CPU
	EndGlobalSection
	GlobalSection(ProjectConfigurationPlatforms) = postSolution
		{7A7A2F6B-79BE-4639-81C0-8468207C5E53}.Debug|Any CPU.ActiveCfg = Debug|Any CPU
		{7A7A2F6B-79BE-4639-81C0-8468207C5E53}.Debug|Any CPU.Build.0 = Debug|Any CPU
		{7A7A2F6B-79BE-4639-81C0-8468207C5E53}.Release|Any CPU.ActiveCfg = Release|Any CPU
		{7A7A2F6B-79BE-4639-81C0-8468207C5E53}.Release|Any CPU.Build.0 = Release|Any CPU
		{7F0477AB-F07C-47AD-9215-C97C1A446B7A}.Debug|Any CPU.ActiveCfg = Debug|Any CPU
		{7F0477AB-F07C-47AD-9215-C97C1A446B7A}.Debug|Any CPU.Build.0 = Debug|Any CPU
		{7F0477AB-F07C-47AD-9215-C97C1A446B7A}.Release|Any CPU.ActiveCfg = Release|Any CPU
		{7F0477AB-F07C-47AD-9215-C97C1A446B7A}.Release|Any CPU.Build.0 = Release|Any CPU
	EndGlobalSection
	GlobalSection(SolutionProperties) = preSolution
		HideSolutionNode = FALSE
	EndGlobalSection
	GlobalSection(ExtensibilityGlobals) = postSolution
		SolutionGuid = {D91AB2A8-B7F0-4AF2-8ED0-CB6567F8EC25}
	EndGlobalSection
EndGlobal
